
Microsoft Visual Studio Solution File, Format Version 12.00
# Visual Studio 14
VisualStudioVersion = 14.0.24720.0
MinimumVisualStudioVersion = 10.0.40219.1
Project("{8BC9CEB8-8B4A-11D0-8D11-00A0C91BC942}") = "CrySILU2FCredentialProvider", "CredentialProvider\SampleV2CredentialProvider.vcxproj", "{98E74D71-5237-41FA-8D36-206C0D110626}"
EndProject
Project("{8BC9CEB8-8B4A-11D0-8D11-00A0C91BC942}") = "Test-Console", "Test-Console\Test-Console.vcxproj", "{0CD5C30B-A866-4C63-B193-118F56908C8F}"
EndProject
Project("{FAE04EC0-301F-11D3-BF4B-00C04F79EFBC}") = "ControlU2FKeys", "ControlU2FKeys\ControlU2FKeys.csproj", "{5C40FD1F-7A90-4812-90F7-CAA7E74292D9}"
EndProject
Project("{2150E333-8FDC-42A3-9474-1A3956D46DE8}") = "Solution Items", "Solution Items", "{9343C9AC-1EFF-4A8C-B8E4-CDD0599F4179}"
	ProjectSection(SolutionItems) = preProject
		Install.bat = Install.bat
	EndProjectSection
EndProject
Global
	GlobalSection(SolutionConfigurationPlatforms) = preSolution
		Debug|Any CPU = Debug|Any CPU
		Debug|Win32 = Debug|Win32
		Debug|x64 = Debug|x64
		Release|Any CPU = Release|Any CPU
		Release|Win32 = Release|Win32
		Release|x64 = Release|x64
	EndGlobalSection
	GlobalSection(ProjectConfigurationPlatforms) = postSolution
		{98E74D71-5237-41FA-8D36-206C0D110626}.Debug|Any CPU.ActiveCfg = Debug|Win32
		{98E74D71-5237-41FA-8D36-206C0D110626}.Debug|Win32.ActiveCfg = Debug|Win32
		{98E74D71-5237-41FA-8D36-206C0D110626}.Debug|Win32.Build.0 = Debug|Win32
		{98E74D71-5237-41FA-8D36-206C0D110626}.Debug|x64.ActiveCfg = Debug|x64
		{98E74D71-5237-41FA-8D36-206C0D110626}.Debug|x64.Build.0 = Debug|x64
		{98E74D71-5237-41FA-8D36-206C0D110626}.Release|Any CPU.ActiveCfg = Release|Win32
		{98E74D71-5237-41FA-8D36-206C0D110626}.Release|Win32.ActiveCfg = Release|Win32
		{98E74D71-5237-41FA-8D36-206C0D110626}.Release|Win32.Build.0 = Release|Win32
		{98E74D71-5237-41FA-8D36-206C0D110626}.Release|x64.ActiveCfg = Release|x64
		{98E74D71-5237-41FA-8D36-206C0D110626}.Release|x64.Build.0 = Release|x64
		{0CD5C30B-A866-4C63-B193-118F56908C8F}.Debug|Any CPU.ActiveCfg = Debug|Win32
		{0CD5C30B-A866-4C63-B193-118F56908C8F}.Debug|Win32.ActiveCfg = Debug|Win32
		{0CD5C30B-A866-4C63-B193-118F56908C8F}.Debug|Win32.Build.0 = Debug|Win32
		{0CD5C30B-A866-4C63-B193-118F56908C8F}.Debug|x64.ActiveCfg = Debug|x64
		{0CD5C30B-A866-4C63-B193-118F56908C8F}.Debug|x64.Build.0 = Debug|x64
		{0CD5C30B-A866-4C63-B193-118F56908C8F}.Release|Any CPU.ActiveCfg = Release|Win32
		{0CD5C30B-A866-4C63-B193-118F56908C8F}.Release|Win32.ActiveCfg = Release|Win32
		{0CD5C30B-A866-4C63-B193-118F56908C8F}.Release|Win32.Build.0 = Release|Win32
		{0CD5C30B-A866-4C63-B193-118F56908C8F}.Release|x64.ActiveCfg = Release|x64
		{0CD5C30B-A866-4C63-B193-118F56908C8F}.Release|x64.Build.0 = Release|x64
		{5C40FD1F-7A90-4812-90F7-CAA7E74292D9}.Debug|Any CPU.ActiveCfg = Debug|Any CPU
		{5C40FD1F-7A90-4812-90F7-CAA7E74292D9}.Debug|Any CPU.Build.0 = Debug|Any CPU
		{5C40FD1F-7A90-4812-90F7-CAA7E74292D9}.Debug|Win32.ActiveCfg = Debug|Any CPU
		{5C40FD1F-7A90-4812-90F7-CAA7E74292D9}.Debug|Win32.Build.0 = Debug|Any CPU
		{5C40FD1F-7A90-4812-90F7-CAA7E74292D9}.Debug|x64.ActiveCfg = Debug|Any CPU
		{5C40FD1F-7A90-4812-90F7-CAA7E74292D9}.Debug|x64.Build.0 = Debug|Any CPU
		{5C40FD1F-7A90-4812-90F7-CAA7E74292D9}.Release|Any CPU.ActiveCfg = Release|Any CPU
		{5C40FD1F-7A90-4812-90F7-CAA7E74292D9}.Release|Any CPU.Build.0 = Release|Any CPU
		{5C40FD1F-7A90-4812-90F7-CAA7E74292D9}.Release|Win32.ActiveCfg = Release|Any CPU
		{5C40FD1F-7A90-4812-90F7-CAA7E74292D9}.Release|Win32.Build.0 = Release|Any CPU
		{5C40FD1F-7A90-4812-90F7-CAA7E74292D9}.Release|x64.ActiveCfg = Release|Any CPU
		{5C40FD1F-7A90-4812-90F7-CAA7E74292D9}.Release|x64.Build.0 = Release|Any CPU
	EndGlobalSection
	GlobalSection(SolutionProperties) = preSolution
		HideSolutionNode = FALSE
	EndGlobalSection
EndGlobal
